{
    "hash": "6bb2de2b86dadab8d3689f647484e978",
    "packages": [
        {
            "package": "florianwolters/component-core-enum",
            "version": "v0.3.1"
        },
        {
            "package": "florianwolters/component-util-singleton",
            "version": "v0.2.1"
        },
        {
            "package": "pimple/pimple",
            "version": "dev-master",
            "alias-pretty-version": "1.0.x-dev",
            "alias-version": "1.0.9999999.9999999-dev"
        },
        {
            "package": "pimple/pimple",
            "version": "dev-master",
            "source-reference": "d2cfa2f02f50abef65c238747c753a5f6786f6be",
            "commit-date": "1341139100"
        },
        {
            "package": "silex/silex",
            "version": "dev-master",
            "alias-pretty-version": "1.0.x-dev",
            "alias-version": "1.0.9999999.9999999-dev"
        },
        {
            "package": "silex/silex",
            "version": "dev-master",
            "source-reference": "344dd201ff448f82cf1ec67d2135d1c44e7ec802",
            "commit-date": "1342113874"
        },
        {
            "package": "symfony/config",
            "version": "dev-master",
            "alias-pretty-version": "2.1.x-dev",
            "alias-version": "2.1.9999999.9999999-dev"
        },
        {
            "package": "symfony/config",
            "version": "dev-master",
            "source-reference": "c69e45e6744a607a8b2b9067008a47a0517c7cad",
            "commit-date": "1341929657"
        },
        {
            "package": "symfony/event-dispatcher",
            "version": "dev-master",
            "alias-pretty-version": "2.1.x-dev",
            "alias-version": "2.1.9999999.9999999-dev"
        },
        {
            "package": "symfony/event-dispatcher",
            "version": "dev-master",
            "source-reference": "0dc437f2eca7dea19facfde6db7f7f5e8e71d0bc",
            "commit-date": "1341838460"
        },
        {
            "package": "symfony/form",
            "version": "dev-master",
            "alias-pretty-version": "2.1.x-dev",
            "alias-version": "2.1.9999999.9999999-dev"
        },
        {
            "package": "symfony/form",
            "version": "dev-master",
            "source-reference": "56a3edb4ddf5fcbece6f403bfe9573b2f6b4b7ba",
            "commit-date": "1342089356"
        },
        {
            "package": "symfony/http-foundation",
            "version": "dev-master",
            "alias-pretty-version": "2.1.x-dev",
            "alias-version": "2.1.9999999.9999999-dev"
        },
        {
            "package": "symfony/http-foundation",
            "version": "dev-master",
            "source-reference": "3399f6f068cd41f1b42140699db1f1e6d3bcb361",
            "commit-date": "1342107786"
        },
        {
            "package": "symfony/http-kernel",
            "version": "dev-master",
            "alias-pretty-version": "2.1.x-dev",
            "alias-version": "2.1.9999999.9999999-dev"
        },
        {
            "package": "symfony/http-kernel",
            "version": "dev-master",
            "source-reference": "5032709c51ac154be997d99690f80c08b0943057",
            "commit-date": "1341987182"
        },
        {
            "package": "symfony/locale",
            "version": "dev-master",
            "alias-pretty-version": "2.1.x-dev",
            "alias-version": "2.1.9999999.9999999-dev"
        },
        {
            "package": "symfony/locale",
            "version": "dev-master",
            "source-reference": "04a4515e6eb050a3f637b7a56c0fb942a4119c4f",
            "commit-date": "1341993367"
        },
        {
            "package": "symfony/options-resolver",
            "version": "dev-master",
            "alias-pretty-version": "2.1.x-dev",
            "alias-version": "2.1.9999999.9999999-dev"
        },
        {
            "package": "symfony/options-resolver",
            "version": "dev-master",
            "source-reference": "36a848adcfadb5af553ed61744ebe1038365cedd",
            "commit-date": "1342113225"
        },
        {
            "package": "symfony/routing",
            "version": "dev-master",
            "alias-pretty-version": "2.1.x-dev",
            "alias-version": "2.1.9999999.9999999-dev"
        },
        {
            "package": "symfony/routing",
            "version": "dev-master",
            "source-reference": "67c72b042d753e6ee3675eb4b0c2165243d34055",
            "commit-date": "1341890620"
        },
        {
            "package": "symfony/translation",
            "version": "dev-master",
            "alias-pretty-version": "2.1.x-dev",
            "alias-version": "2.1.9999999.9999999-dev"
        },
        {
            "package": "symfony/translation",
            "version": "dev-master",
            "source-reference": "d2ce6bcdaf479b2121e35fa850fd229817c1ee2a",
            "commit-date": "1341851012"
        },
        {
            "package": "symfony/twig-bridge",
            "version": "dev-master",
            "alias-pretty-version": "2.1.x-dev",
            "alias-version": "2.1.9999999.9999999-dev"
        },
        {
            "package": "symfony/twig-bridge",
            "version": "dev-master",
            "source-reference": "5d3e234a5d366f510185a9de3a545b730f327632",
            "commit-date": "1341913448"
        },
        {
            "package": "symfony/validator",
            "version": "dev-master",
            "alias-pretty-version": "2.1.x-dev",
            "alias-version": "2.1.9999999.9999999-dev"
        },
        {
            "package": "symfony/validator",
            "version": "dev-master",
            "source-reference": "a9c3cff2694e159f531e04a4c8b7399f3bf13043",
            "commit-date": "1342108491"
        },
        {
            "package": "symfony/yaml",
            "version": "dev-master",
            "alias-pretty-version": "2.1.x-dev",
            "alias-version": "2.1.9999999.9999999-dev"
        },
        {
            "package": "symfony/yaml",
            "version": "dev-master",
            "source-reference": "711eb7f1982184478995c064a132fd70b019f174",
            "commit-date": "1341838460"
        },
        {
            "package": "twig/twig",
            "version": "v1.8.3"
        }
    ],
    "packages-dev": null,
    "aliases": [

    ],
    "minimum-stability": "beta",
    "stability-flags": {
        "silex/silex": 20
    }
}
