{
    "hash": "043fe64c6390d6bdd4ff8e82242dd095",
    "packages": [
        {
            "package": "florianwolters/component-core-enum",
            "version": "v0.3.1"
        },
        {
            "package": "florianwolters/component-util-singleton",
            "version": "v0.2.1"
        },
        {
            "package": "pimple/pimple",
            "version": "dev-master",
            "alias-pretty-version": "1.0.x-dev",
            "alias-version": "1.0.9999999.9999999-dev"
        },
        {
            "package": "pimple/pimple",
            "version": "dev-master",
            "source-reference": "d2cfa2f02f50abef65c238747c753a5f6786f6be",
            "commit-date": "1341139100"
        },
        {
            "package": "silex/silex",
            "version": "dev-master",
            "alias-pretty-version": "1.0.x-dev",
            "alias-version": "1.0.9999999.9999999-dev"
        },
        {
            "package": "silex/silex",
            "version": "dev-master",
            "source-reference": "d5f26243645fab7f7d967ceb8e5cb85974719f95",
            "commit-date": "1342022136"
        },
        {
            "package": "symfony/config",
            "version": "dev-master",
            "alias-pretty-version": "2.1.x-dev",
            "alias-version": "2.1.9999999.9999999-dev"
        },
        {
            "package": "symfony/config",
            "version": "dev-master",
            "source-reference": "c69e45e6744a607a8b2b9067008a47a0517c7cad",
            "commit-date": "1341929657"
        },
        {
            "package": "symfony/event-dispatcher",
            "version": "dev-master",
            "alias-pretty-version": "2.1.x-dev",
            "alias-version": "2.1.9999999.9999999-dev"
        },
        {
            "package": "symfony/event-dispatcher",
            "version": "dev-master",
            "source-reference": "0dc437f2eca7dea19facfde6db7f7f5e8e71d0bc",
            "commit-date": "1341838460"
        },
        {
            "package": "symfony/form",
            "version": "dev-master",
            "alias-pretty-version": "2.1.x-dev",
            "alias-version": "2.1.9999999.9999999-dev"
        },
        {
            "package": "symfony/form",
            "version": "dev-master",
            "source-reference": "ab7e4a777922e2a41db188192c3bc65fafa95dff",
            "commit-date": "1342018244"
        },
        {
            "package": "symfony/http-foundation",
            "version": "dev-master",
            "alias-pretty-version": "2.1.x-dev",
            "alias-version": "2.1.9999999.9999999-dev"
        },
        {
            "package": "symfony/http-foundation",
            "version": "dev-master",
            "source-reference": "032ef316ff0ba4daef8930db0a75cd247f38749b",
            "commit-date": "1342086230"
        },
        {
            "package": "symfony/http-kernel",
            "version": "dev-master",
            "alias-pretty-version": "2.1.x-dev",
            "alias-version": "2.1.9999999.9999999-dev"
        },
        {
            "package": "symfony/http-kernel",
            "version": "dev-master",
            "source-reference": "5032709c51ac154be997d99690f80c08b0943057",
            "commit-date": "1341987182"
        },
        {
            "package": "symfony/locale",
            "version": "dev-master",
            "alias-pretty-version": "2.1.x-dev",
            "alias-version": "2.1.9999999.9999999-dev"
        },
        {
            "package": "symfony/locale",
            "version": "dev-master",
            "source-reference": "04a4515e6eb050a3f637b7a56c0fb942a4119c4f",
            "commit-date": "1341993367"
        },
        {
            "package": "symfony/options-resolver",
            "version": "dev-master",
            "alias-pretty-version": "2.1.x-dev",
            "alias-version": "2.1.9999999.9999999-dev"
        },
        {
            "package": "symfony/options-resolver",
            "version": "dev-master",
            "source-reference": "0ad85af9ec3e1696056901fcf38bffedc683d0c4",
            "commit-date": "1341838460"
        },
        {
            "package": "symfony/routing",
            "version": "dev-master",
            "alias-pretty-version": "2.1.x-dev",
            "alias-version": "2.1.9999999.9999999-dev"
        },
        {
            "package": "symfony/routing",
            "version": "dev-master",
            "source-reference": "67c72b042d753e6ee3675eb4b0c2165243d34055",
            "commit-date": "1341890620"
        },
        {
            "package": "symfony/translation",
            "version": "dev-master",
            "alias-pretty-version": "2.1.x-dev",
            "alias-version": "2.1.9999999.9999999-dev"
        },
        {
            "package": "symfony/translation",
            "version": "dev-master",
            "source-reference": "d2ce6bcdaf479b2121e35fa850fd229817c1ee2a",
            "commit-date": "1341851012"
        },
        {
            "package": "symfony/twig-bridge",
            "version": "dev-master",
            "alias-pretty-version": "2.1.x-dev",
            "alias-version": "2.1.9999999.9999999-dev"
        },
        {
            "package": "symfony/twig-bridge",
            "version": "dev-master",
            "source-reference": "5d3e234a5d366f510185a9de3a545b730f327632",
            "commit-date": "1341913448"
        },
        {
            "package": "symfony/validator",
            "version": "dev-master",
            "alias-pretty-version": "2.1.x-dev",
            "alias-version": "2.1.9999999.9999999-dev"
        },
        {
            "package": "symfony/validator",
            "version": "dev-master",
            "source-reference": "cd0190ceddbad95a119b5c37d6ba9c61bd2c7a4b",
            "commit-date": "1342023789"
        },
        {
            "package": "symfony/yaml",
            "version": "dev-master",
            "alias-pretty-version": "2.1.x-dev",
            "alias-version": "2.1.9999999.9999999-dev"
        },
        {
            "package": "symfony/yaml",
            "version": "dev-master",
            "source-reference": "711eb7f1982184478995c064a132fd70b019f174",
            "commit-date": "1341838460"
        },
        {
            "package": "twig/twig",
            "version": "dev-master",
            "alias-pretty-version": "1.9.x-dev",
            "alias-version": "1.9.9999999.9999999-dev"
        },
        {
            "package": "twig/twig",
            "version": "dev-master",
            "source-reference": "a36aa04decb2e77219e198a7050e5c663020a38e",
            "commit-date": "1342104720"
        }
    ],
    "packages-dev": null,
    "aliases": [

    ],
    "minimum-stability": "stable",
    "stability-flags": [

    ]
}
